// !$*UTF8*$!
{
	archiveVersion = 1;
	classes = {
	};
	objectVersion = 50;
	objects = {

/* Begin PBXBuildFile section */
		4C0FA1FA2607048200AB544A /* Follower.swift in Sources */ = {isa = PBXBuildFile; fileRef = 4C0FA1F92607048200AB544A /* Follower.swift */; };
		4C0FA1FD2607054300AB544A /* User.swift in Sources */ = {isa = PBXBuildFile; fileRef = 4C0FA1FC2607054300AB544A /* User.swift */; };
		4C49ABC12608184900AC3321 /* NetworkManager.swift in Sources */ = {isa = PBXBuildFile; fileRef = 4C49ABC02608184900AC3321 /* NetworkManager.swift */; };
		4C49ABCA2608446D00AC3321 /* FollowerCell.swift in Sources */ = {isa = PBXBuildFile; fileRef = 4C49ABC92608446D00AC3321 /* FollowerCell.swift */; };
		4C49ABCD260844E500AC3321 /* GFAvatarImageView.swift in Sources */ = {isa = PBXBuildFile; fileRef = 4C49ABCC260844E500AC3321 /* GFAvatarImageView.swift */; };
		4C58B39926050CDD003A0E6D /* AppDelegate.swift in Sources */ = {isa = PBXBuildFile; fileRef = 4C58B39826050CDD003A0E6D /* AppDelegate.swift */; };
		4C58B39B26050CDD003A0E6D /* SceneDelegate.swift in Sources */ = {isa = PBXBuildFile; fileRef = 4C58B39A26050CDD003A0E6D /* SceneDelegate.swift */; };
		4C58B3A226050CDE003A0E6D /* Assets.xcassets in Resources */ = {isa = PBXBuildFile; fileRef = 4C58B3A126050CDE003A0E6D /* Assets.xcassets */; };
		4C58B3A526050CDE003A0E6D /* LaunchScreen.storyboard in Resources */ = {isa = PBXBuildFile; fileRef = 4C58B3A326050CDE003A0E6D /* LaunchScreen.storyboard */; };
		4C58B3B12605119B003A0E6D /* SearchVC.swift in Sources */ = {isa = PBXBuildFile; fileRef = 4C58B3B02605119B003A0E6D /* SearchVC.swift */; };
		4C58B3B4260511C6003A0E6D /* FavoritesListVC.swift in Sources */ = {isa = PBXBuildFile; fileRef = 4C58B3B3260511C6003A0E6D /* FavoritesListVC.swift */; };
		4C58B3B726053A2D003A0E6D /* GFButton.swift in Sources */ = {isa = PBXBuildFile; fileRef = 4C58B3B626053A2D003A0E6D /* GFButton.swift */; };
		4C58B3BA26053D5B003A0E6D /* GFTextField.swift in Sources */ = {isa = PBXBuildFile; fileRef = 4C58B3B926053D5B003A0E6D /* GFTextField.swift */; };
		4C58B3BD26054D06003A0E6D /* FollowerListVC.swift in Sources */ = {isa = PBXBuildFile; fileRef = 4C58B3BC26054D06003A0E6D /* FollowerListVC.swift */; };
		4C58B3C12605788F003A0E6D /* GFTitleLabel.swift in Sources */ = {isa = PBXBuildFile; fileRef = 4C58B3C02605788F003A0E6D /* GFTitleLabel.swift */; };
		4C58B3C526057A29003A0E6D /* GFBodyLabel.swift in Sources */ = {isa = PBXBuildFile; fileRef = 4C58B3C426057A29003A0E6D /* GFBodyLabel.swift */; };
		4C58B3C826057AF2003A0E6D /* GFAlertVC.swift in Sources */ = {isa = PBXBuildFile; fileRef = 4C58B3C726057AF2003A0E6D /* GFAlertVC.swift */; };
		4C58B3CB26058108003A0E6D /* UIViewController+Ext.swift in Sources */ = {isa = PBXBuildFile; fileRef = 4C58B3CA26058108003A0E6D /* UIViewController+Ext.swift */; };
		4C896E73260A59B7005FF763 /* GFUserInfoHeaderVC.swift in Sources */ = {isa = PBXBuildFile; fileRef = 4C896E72260A59B7005FF763 /* GFUserInfoHeaderVC.swift */; };
		4C896E76260A5A1C005FF763 /* GFSecondaryTitleLabel.swift in Sources */ = {isa = PBXBuildFile; fileRef = 4C896E75260A5A1C005FF763 /* GFSecondaryTitleLabel.swift */; };
		4C896E79260A60D2005FF763 /* Constants.swift in Sources */ = {isa = PBXBuildFile; fileRef = 4C896E78260A60D2005FF763 /* Constants.swift */; };
		4C896E7C260A8D82005FF763 /* GFItemInfoView.swift in Sources */ = {isa = PBXBuildFile; fileRef = 4C896E7B260A8D82005FF763 /* GFItemInfoView.swift */; };
		4C896E7F260A931D005FF763 /* GFItemInfoVC.swift in Sources */ = {isa = PBXBuildFile; fileRef = 4C896E7E260A931D005FF763 /* GFItemInfoVC.swift */; };
		4C896E82260A96DA005FF763 /* GFRepoItemVC.swift in Sources */ = {isa = PBXBuildFile; fileRef = 4C896E81260A96DA005FF763 /* GFRepoItemVC.swift */; };
		4C896E85260A9941005FF763 /* GFFollowerItemVC.swift in Sources */ = {isa = PBXBuildFile; fileRef = 4C896E84260A9941005FF763 /* GFFollowerItemVC.swift */; };
		4C896E8A260AAA73005FF763 /* Date+Ext.swift in Sources */ = {isa = PBXBuildFile; fileRef = 4C896E89260AAA73005FF763 /* Date+Ext.swift */; };
		4C896E8D260AAA90005FF763 /* String+Ext.swift in Sources */ = {isa = PBXBuildFile; fileRef = 4C896E8C260AAA90005FF763 /* String+Ext.swift */; };
		4C8E619C26092A3500098191 /* UIHelper.swift in Sources */ = {isa = PBXBuildFile; fileRef = 4C8E619B26092A3500098191 /* UIHelper.swift */; };
		4C8E61A52609698B00098191 /* GFEmptyStateView.swift in Sources */ = {isa = PBXBuildFile; fileRef = 4C8E61A42609698B00098191 /* GFEmptyStateView.swift */; };
		4C8E61A92609908000098191 /* UserInfoVC.swift in Sources */ = {isa = PBXBuildFile; fileRef = 4C8E61A82609908000098191 /* UserInfoVC.swift */; };
		4C8E61AE26099DA900098191 /* GFError.swift in Sources */ = {isa = PBXBuildFile; fileRef = 4C8E61AD26099DA900098191 /* GFError.swift */; };
/* End PBXBuildFile section */

/* Begin PBXFileReference section */
		4C0FA1F92607048200AB544A /* Follower.swift */ = {isa = PBXFileReference; lastKnownFileType = sourcecode.swift; path = Follower.swift; sourceTree = "<group>"; };
		4C0FA1FC2607054300AB544A /* User.swift */ = {isa = PBXFileReference; lastKnownFileType = sourcecode.swift; path = User.swift; sourceTree = "<group>"; };
		4C49ABC02608184900AC3321 /* NetworkManager.swift */ = {isa = PBXFileReference; lastKnownFileType = sourcecode.swift; path = NetworkManager.swift; sourceTree = "<group>"; };
		4C49ABC92608446D00AC3321 /* FollowerCell.swift */ = {isa = PBXFileReference; lastKnownFileType = sourcecode.swift; path = FollowerCell.swift; sourceTree = "<group>"; };
		4C49ABCC260844E500AC3321 /* GFAvatarImageView.swift */ = {isa = PBXFileReference; lastKnownFileType = sourcecode.swift; path = GFAvatarImageView.swift; sourceTree = "<group>"; };
		4C58B39526050CDD003A0E6D /* GitHubFollowers.app */ = {isa = PBXFileReference; explicitFileType = wrapper.application; includeInIndex = 0; path = GitHubFollowers.app; sourceTree = BUILT_PRODUCTS_DIR; };
		4C58B39826050CDD003A0E6D /* AppDelegate.swift */ = {isa = PBXFileReference; lastKnownFileType = sourcecode.swift; path = AppDelegate.swift; sourceTree = "<group>"; };
		4C58B39A26050CDD003A0E6D /* SceneDelegate.swift */ = {isa = PBXFileReference; lastKnownFileType = sourcecode.swift; path = SceneDelegate.swift; sourceTree = "<group>"; };
		4C58B3A126050CDE003A0E6D /* Assets.xcassets */ = {isa = PBXFileReference; lastKnownFileType = folder.assetcatalog; path = Assets.xcassets; sourceTree = "<group>"; };
		4C58B3A426050CDE003A0E6D /* Base */ = {isa = PBXFileReference; lastKnownFileType = file.storyboard; name = Base; path = Base.lproj/LaunchScreen.storyboard; sourceTree = "<group>"; };
		4C58B3A626050CDE003A0E6D /* Info.plist */ = {isa = PBXFileReference; lastKnownFileType = text.plist.xml; path = Info.plist; sourceTree = "<group>"; };
		4C58B3B02605119B003A0E6D /* SearchVC.swift */ = {isa = PBXFileReference; lastKnownFileType = sourcecode.swift; path = SearchVC.swift; sourceTree = "<group>"; };
		4C58B3B3260511C6003A0E6D /* FavoritesListVC.swift */ = {isa = PBXFileReference; lastKnownFileType = sourcecode.swift; path = FavoritesListVC.swift; sourceTree = "<group>"; };
		4C58B3B626053A2D003A0E6D /* GFButton.swift */ = {isa = PBXFileReference; lastKnownFileType = sourcecode.swift; path = GFButton.swift; sourceTree = "<group>"; };
		4C58B3B926053D5B003A0E6D /* GFTextField.swift */ = {isa = PBXFileReference; lastKnownFileType = sourcecode.swift; path = GFTextField.swift; sourceTree = "<group>"; };
		4C58B3BC26054D06003A0E6D /* FollowerListVC.swift */ = {isa = PBXFileReference; lastKnownFileType = sourcecode.swift; path = FollowerListVC.swift; sourceTree = "<group>"; };
		4C58B3C02605788F003A0E6D /* GFTitleLabel.swift */ = {isa = PBXFileReference; lastKnownFileType = sourcecode.swift; path = GFTitleLabel.swift; sourceTree = "<group>"; };
		4C58B3C426057A29003A0E6D /* GFBodyLabel.swift */ = {isa = PBXFileReference; lastKnownFileType = sourcecode.swift; path = GFBodyLabel.swift; sourceTree = "<group>"; };
		4C58B3C726057AF2003A0E6D /* GFAlertVC.swift */ = {isa = PBXFileReference; lastKnownFileType = sourcecode.swift; path = GFAlertVC.swift; sourceTree = "<group>"; };
		4C58B3CA26058108003A0E6D /* UIViewController+Ext.swift */ = {isa = PBXFileReference; lastKnownFileType = sourcecode.swift; path = "UIViewController+Ext.swift"; sourceTree = "<group>"; };
		4C896E72260A59B7005FF763 /* GFUserInfoHeaderVC.swift */ = {isa = PBXFileReference; lastKnownFileType = sourcecode.swift; path = GFUserInfoHeaderVC.swift; sourceTree = "<group>"; };
		4C896E75260A5A1C005FF763 /* GFSecondaryTitleLabel.swift */ = {isa = PBXFileReference; lastKnownFileType = sourcecode.swift; path = GFSecondaryTitleLabel.swift; sourceTree = "<group>"; };
		4C896E78260A60D2005FF763 /* Constants.swift */ = {isa = PBXFileReference; lastKnownFileType = sourcecode.swift; path = Constants.swift; sourceTree = "<group>"; };
		4C896E7B260A8D82005FF763 /* GFItemInfoView.swift */ = {isa = PBXFileReference; lastKnownFileType = sourcecode.swift; path = GFItemInfoView.swift; sourceTree = "<group>"; };
		4C896E7E260A931D005FF763 /* GFItemInfoVC.swift */ = {isa = PBXFileReference; lastKnownFileType = sourcecode.swift; path = GFItemInfoVC.swift; sourceTree = "<group>"; };
		4C896E81260A96DA005FF763 /* GFRepoItemVC.swift */ = {isa = PBXFileReference; lastKnownFileType = sourcecode.swift; path = GFRepoItemVC.swift; sourceTree = "<group>"; };
		4C896E84260A9941005FF763 /* GFFollowerItemVC.swift */ = {isa = PBXFileReference; lastKnownFileType = sourcecode.swift; path = GFFollowerItemVC.swift; sourceTree = "<group>"; };
		4C896E89260AAA73005FF763 /* Date+Ext.swift */ = {isa = PBXFileReference; lastKnownFileType = sourcecode.swift; path = "Date+Ext.swift"; sourceTree = "<group>"; };
		4C896E8C260AAA90005FF763 /* String+Ext.swift */ = {isa = PBXFileReference; lastKnownFileType = sourcecode.swift; path = "String+Ext.swift"; sourceTree = "<group>"; };
		4C8E619B26092A3500098191 /* UIHelper.swift */ = {isa = PBXFileReference; lastKnownFileType = sourcecode.swift; path = UIHelper.swift; sourceTree = "<group>"; };
		4C8E61A42609698B00098191 /* GFEmptyStateView.swift */ = {isa = PBXFileReference; lastKnownFileType = sourcecode.swift; path = GFEmptyStateView.swift; sourceTree = "<group>"; };
		4C8E61A82609908000098191 /* UserInfoVC.swift */ = {isa = PBXFileReference; lastKnownFileType = sourcecode.swift; path = UserInfoVC.swift; sourceTree = "<group>"; };
		4C8E61AD26099DA900098191 /* GFError.swift */ = {isa = PBXFileReference; lastKnownFileType = sourcecode.swift; path = GFError.swift; sourceTree = "<group>"; };
/* End PBXFileReference section */

/* Begin PBXFrameworksBuildPhase section */
		4C58B39226050CDD003A0E6D /* Frameworks */ = {
			isa = PBXFrameworksBuildPhase;
			buildActionMask = 2147483647;
			files = (
			);
			runOnlyForDeploymentPostprocessing = 0;
		};
/* End PBXFrameworksBuildPhase section */

/* Begin PBXGroup section */
		4C0FA1EE260658F700AB544A /* Screens */ = {
			isa = PBXGroup;
			children = (
				4C58B3B02605119B003A0E6D /* SearchVC.swift */,
				4C58B3BC26054D06003A0E6D /* FollowerListVC.swift */,
				4C8E61A82609908000098191 /* UserInfoVC.swift */,
				4C58B3B3260511C6003A0E6D /* FavoritesListVC.swift */,
			);
			path = Screens;
			sourceTree = "<group>";
		};
		4C0FA1EF2606592E00AB544A /* CustomViews */ = {
			isa = PBXGroup;
			children = (
				4C8E61A32609695000098191 /* Labels */,
				4C8E61A22609693B00098191 /* ViewControllers */,
				4C8E61A12609693600098191 /* ImageViews */,
				4C8E61A02609692D00098191 /* TextFields */,
				4C8E619F2609692800098191 /* Buttons */,
				4C8E619E2609692300098191 /* Views */,
				4C49ABC82608444B00AC3321 /* Cells */,
			);
			path = CustomViews;
			sourceTree = "<group>";
		};
		4C0FA1F02606595E00AB544A /* Extensions */ = {
			isa = PBXGroup;
			children = (
				4C58B3CA26058108003A0E6D /* UIViewController+Ext.swift */,
				4C896E89260AAA73005FF763 /* Date+Ext.swift */,
				4C896E8C260AAA90005FF763 /* String+Ext.swift */,
			);
			path = Extensions;
			sourceTree = "<group>";
		};
		4C0FA1F2260659C700AB544A /* Support */ = {
			isa = PBXGroup;
			children = (
				4C58B39826050CDD003A0E6D /* AppDelegate.swift */,
				4C58B39A26050CDD003A0E6D /* SceneDelegate.swift */,
				4C58B3A126050CDE003A0E6D /* Assets.xcassets */,
				4C58B3A326050CDE003A0E6D /* LaunchScreen.storyboard */,
			);
			path = Support;
			sourceTree = "<group>";
		};
		4C0FA1F82607047600AB544A /* Model */ = {
			isa = PBXGroup;
			children = (
				4C0FA1F92607048200AB544A /* Follower.swift */,
				4C0FA1FC2607054300AB544A /* User.swift */,
			);
			path = Model;
			sourceTree = "<group>";
		};
		4C49ABBF2608183900AC3321 /* Managers */ = {
			isa = PBXGroup;
			children = (
				4C49ABC02608184900AC3321 /* NetworkManager.swift */,
			);
			path = Managers;
			sourceTree = "<group>";
		};
		4C49ABC326083B6300AC3321 /* Utilities */ = {
			isa = PBXGroup;
			children = (
				4C8E619B26092A3500098191 /* UIHelper.swift */,
				4C8E61AD26099DA900098191 /* GFError.swift */,
				4C896E78260A60D2005FF763 /* Constants.swift */,
			);
			path = Utilities;
			sourceTree = "<group>";
		};
		4C49ABC82608444B00AC3321 /* Cells */ = {
			isa = PBXGroup;
			children = (
				4C49ABC92608446D00AC3321 /* FollowerCell.swift */,
			);
			path = Cells;
			sourceTree = "<group>";
		};
		4C58B38C26050CDD003A0E6D = {
			isa = PBXGroup;
			children = (
				4C58B39726050CDD003A0E6D /* GitHubFollowers */,
				4C58B39626050CDD003A0E6D /* Products */,
			);
			sourceTree = "<group>";
		};
		4C58B39626050CDD003A0E6D /* Products */ = {
			isa = PBXGroup;
			children = (
				4C58B39526050CDD003A0E6D /* GitHubFollowers.app */,
			);
			name = Products;
			sourceTree = "<group>";
		};
		4C58B39726050CDD003A0E6D /* GitHubFollowers */ = {
			isa = PBXGroup;
			children = (
				4C49ABC326083B6300AC3321 /* Utilities */,
				4C58B3A626050CDE003A0E6D /* Info.plist */,
				4C49ABBF2608183900AC3321 /* Managers */,
				4C0FA1F82607047600AB544A /* Model */,
				4C0FA1F02606595E00AB544A /* Extensions */,
				4C0FA1EF2606592E00AB544A /* CustomViews */,
				4C0FA1EE260658F700AB544A /* Screens */,
				4C0FA1F2260659C700AB544A /* Support */,
			);
			path = GitHubFollowers;
			sourceTree = "<group>";
		};
		4C896E87260A99B7005FF763 /* ItemInfoVCs */ = {
			isa = PBXGroup;
			children = (
				4C896E7E260A931D005FF763 /* GFItemInfoVC.swift */,
				4C896E81260A96DA005FF763 /* GFRepoItemVC.swift */,
				4C896E84260A9941005FF763 /* GFFollowerItemVC.swift */,
			);
			path = ItemInfoVCs;
			sourceTree = "<group>";
		};
		4C8E619E2609692300098191 /* Views */ = {
			isa = PBXGroup;
			children = (
				4C8E61A42609698B00098191 /* GFEmptyStateView.swift */,
				4C896E7B260A8D82005FF763 /* GFItemInfoView.swift */,
			);
			path = Views;
			sourceTree = "<group>";
		};
		4C8E619F2609692800098191 /* Buttons */ = {
			isa = PBXGroup;
			children = (
				4C58B3B626053A2D003A0E6D /* GFButton.swift */,
			);
			path = Buttons;
			sourceTree = "<group>";
		};
		4C8E61A02609692D00098191 /* TextFields */ = {
			isa = PBXGroup;
			children = (
				4C58B3B926053D5B003A0E6D /* GFTextField.swift */,
			);
			path = TextFields;
			sourceTree = "<group>";
		};
		4C8E61A12609693600098191 /* ImageViews */ = {
			isa = PBXGroup;
			children = (
				4C49ABCC260844E500AC3321 /* GFAvatarImageView.swift */,
			);
			path = ImageViews;
			sourceTree = "<group>";
		};
		4C8E61A22609693B00098191 /* ViewControllers */ = {
			isa = PBXGroup;
			children = (
				4C58B3C726057AF2003A0E6D /* GFAlertVC.swift */,
				4C896E72260A59B7005FF763 /* GFUserInfoHeaderVC.swift */,
				4C896E87260A99B7005FF763 /* ItemInfoVCs */,
			);
			path = ViewControllers;
			sourceTree = "<group>";
		};
		4C8E61A32609695000098191 /* Labels */ = {
			isa = PBXGroup;
			children = (
				4C58B3C02605788F003A0E6D /* GFTitleLabel.swift */,
				4C58B3C426057A29003A0E6D /* GFBodyLabel.swift */,
				4C896E75260A5A1C005FF763 /* GFSecondaryTitleLabel.swift */,
			);
			path = Labels;
			sourceTree = "<group>";
		};
/* End PBXGroup section */

/* Begin PBXNativeTarget section */
		4C58B39426050CDD003A0E6D /* GitHubFollowers */ = {
			isa = PBXNativeTarget;
			buildConfigurationList = 4C58B3A926050CDE003A0E6D /* Build configuration list for PBXNativeTarget "GitHubFollowers" */;
			buildPhases = (
				4C58B39126050CDD003A0E6D /* Sources */,
				4C58B39226050CDD003A0E6D /* Frameworks */,
				4C58B39326050CDD003A0E6D /* Resources */,
			);
			buildRules = (
			);
			dependencies = (
			);
			name = GitHubFollowers;
			productName = GitHubFollowers;
			productReference = 4C58B39526050CDD003A0E6D /* GitHubFollowers.app */;
			productType = "com.apple.product-type.application";
		};
/* End PBXNativeTarget section */

/* Begin PBXProject section */
		4C58B38D26050CDD003A0E6D /* Project object */ = {
			isa = PBXProject;
			attributes = {
				LastSwiftUpdateCheck = 1240;
				LastUpgradeCheck = 1240;
				TargetAttributes = {
					4C58B39426050CDD003A0E6D = {
						CreatedOnToolsVersion = 12.4;
					};
				};
			};
			buildConfigurationList = 4C58B39026050CDD003A0E6D /* Build configuration list for PBXProject "GitHubFollowers" */;
			compatibilityVersion = "Xcode 9.3";
			developmentRegion = en;
			hasScannedForEncodings = 0;
			knownRegions = (
				en,
				Base,
			);
			mainGroup = 4C58B38C26050CDD003A0E6D;
			productRefGroup = 4C58B39626050CDD003A0E6D /* Products */;
			projectDirPath = "";
			projectRoot = "";
			targets = (
				4C58B39426050CDD003A0E6D /* GitHubFollowers */,
			);
		};
/* End PBXProject section */

/* Begin PBXResourcesBuildPhase section */
		4C58B39326050CDD003A0E6D /* Resources */ = {
			isa = PBXResourcesBuildPhase;
			buildActionMask = 2147483647;
			files = (
				4C58B3A526050CDE003A0E6D /* LaunchScreen.storyboard in Resources */,
				4C58B3A226050CDE003A0E6D /* Assets.xcassets in Resources */,
			);
			runOnlyForDeploymentPostprocessing = 0;
		};
/* End PBXResourcesBuildPhase section */

/* Begin PBXSourcesBuildPhase section */
		4C58B39126050CDD003A0E6D /* Sources */ = {
			isa = PBXSourcesBuildPhase;
			buildActionMask = 2147483647;
			files = (
				4C0FA1FD2607054300AB544A /* User.swift in Sources */,
				4C58B3BA26053D5B003A0E6D /* GFTextField.swift in Sources */,
				4C58B3B4260511C6003A0E6D /* FavoritesListVC.swift in Sources */,
				4C896E8D260AAA90005FF763 /* String+Ext.swift in Sources */,
				4C58B3B726053A2D003A0E6D /* GFButton.swift in Sources */,
				4C58B3CB26058108003A0E6D /* UIViewController+Ext.swift in Sources */,
				4C8E619C26092A3500098191 /* UIHelper.swift in Sources */,
				4C896E7F260A931D005FF763 /* GFItemInfoVC.swift in Sources */,
				4C896E79260A60D2005FF763 /* Constants.swift in Sources */,
				4C49ABCD260844E500AC3321 /* GFAvatarImageView.swift in Sources */,
				4C58B3B12605119B003A0E6D /* SearchVC.swift in Sources */,
				4C58B3C826057AF2003A0E6D /* GFAlertVC.swift in Sources */,
				4C896E85260A9941005FF763 /* GFFollowerItemVC.swift in Sources */,
				4C896E7C260A8D82005FF763 /* GFItemInfoView.swift in Sources */,
				4C49ABCA2608446D00AC3321 /* FollowerCell.swift in Sources */,
				4C58B3C526057A29003A0E6D /* GFBodyLabel.swift in Sources */,
				4C896E73260A59B7005FF763 /* GFUserInfoHeaderVC.swift in Sources */,
				4C8E61AE26099DA900098191 /* GFError.swift in Sources */,
				4C0FA1FA2607048200AB544A /* Follower.swift in Sources */,
				4C58B3C12605788F003A0E6D /* GFTitleLabel.swift in Sources */,
				4C896E8A260AAA73005FF763 /* Date+Ext.swift in Sources */,
				4C896E76260A5A1C005FF763 /* GFSecondaryTitleLabel.swift in Sources */,
				4C8E61A52609698B00098191 /* GFEmptyStateView.swift in Sources */,
				4C49ABC12608184900AC3321 /* NetworkManager.swift in Sources */,
				4C58B3BD26054D06003A0E6D /* FollowerListVC.swift in Sources */,
				4C58B39926050CDD003A0E6D /* AppDelegate.swift in Sources */,
				4C58B39B26050CDD003A0E6D /* SceneDelegate.swift in Sources */,
				4C896E82260A96DA005FF763 /* GFRepoItemVC.swift in Sources */,
				4C8E61A92609908000098191 /* UserInfoVC.swift in Sources */,
			);
			runOnlyForDeploymentPostprocessing = 0;
		};
/* End PBXSourcesBuildPhase section */

/* Begin PBXVariantGroup section */
		4C58B3A326050CDE003A0E6D /* LaunchScreen.storyboard */ = {
			isa = PBXVariantGroup;
			children = (
				4C58B3A426050CDE003A0E6D /* Base */,
			);
			name = LaunchScreen.storyboard;
			sourceTree = "<group>";
		};
/* End PBXVariantGroup section */

/* Begin XCBuildConfiguration section */
		4C58B3A726050CDE003A0E6D /* Debug */ = {
			isa = XCBuildConfiguration;
			buildSettings = {
				ALWAYS_SEARCH_USER_PATHS = NO;
				CLANG_ANALYZER_NONNULL = YES;
				CLANG_ANALYZER_NUMBER_OBJECT_CONVERSION = YES_AGGRESSIVE;
				CLANG_CXX_LANGUAGE_STANDARD = "gnu++14";
				CLANG_CXX_LIBRARY = "libc++";
				CLANG_ENABLE_MODULES = YES;
				CLANG_ENABLE_OBJC_ARC = YES;
				CLANG_ENABLE_OBJC_WEAK = YES;
				CLANG_WARN_BLOCK_CAPTURE_AUTORELEASING = YES;
				CLANG_WARN_BOOL_CONVERSION = YES;
				CLANG_WARN_COMMA = YES;
				CLANG_WARN_CONSTANT_CONVERSION = YES;
				CLANG_WARN_DEPRECATED_OBJC_IMPLEMENTATIONS = YES;
				CLANG_WARN_DIRECT_OBJC_ISA_USAGE = YES_ERROR;
				CLANG_WARN_DOCUMENTATION_COMMENTS = YES;
				CLANG_WARN_EMPTY_BODY = YES;
				CLANG_WARN_ENUM_CONVERSION = YES;
				CLANG_WARN_INFINITE_RECURSION = YES;
				CLANG_WARN_INT_CONVERSION = YES;
				CLANG_WARN_NON_LITERAL_NULL_CONVERSION = YES;
				CLANG_WARN_OBJC_IMPLICIT_RETAIN_SELF = YES;
				CLANG_WARN_OBJC_LITERAL_CONVERSION = YES;
				CLANG_WARN_OBJC_ROOT_CLASS = YES_ERROR;
				CLANG_WARN_QUOTED_INCLUDE_IN_FRAMEWORK_HEADER = YES;
				CLANG_WARN_RANGE_LOOP_ANALYSIS = YES;
				CLANG_WARN_STRICT_PROTOTYPES = YES;
				CLANG_WARN_SUSPICIOUS_MOVE = YES;
				CLANG_WARN_UNGUARDED_AVAILABILITY = YES_AGGRESSIVE;
				CLANG_WARN_UNREACHABLE_CODE = YES;
				CLANG_WARN__DUPLICATE_METHOD_MATCH = YES;
				COPY_PHASE_STRIP = NO;
				DEBUG_INFORMATION_FORMAT = dwarf;
				ENABLE_STRICT_OBJC_MSGSEND = YES;
				ENABLE_TESTABILITY = YES;
				GCC_C_LANGUAGE_STANDARD = gnu11;
				GCC_DYNAMIC_NO_PIC = NO;
				GCC_NO_COMMON_BLOCKS = YES;
				GCC_OPTIMIZATION_LEVEL = 0;
				GCC_PREPROCESSOR_DEFINITIONS = (
					"DEBUG=1",
					"$(inherited)",
				);
				GCC_WARN_64_TO_32_BIT_CONVERSION = YES;
				GCC_WARN_ABOUT_RETURN_TYPE = YES_ERROR;
				GCC_WARN_UNDECLARED_SELECTOR = YES;
				GCC_WARN_UNINITIALIZED_AUTOS = YES_AGGRESSIVE;
				GCC_WARN_UNUSED_FUNCTION = YES;
				GCC_WARN_UNUSED_VARIABLE = YES;
				IPHONEOS_DEPLOYMENT_TARGET = 14.4;
				MTL_ENABLE_DEBUG_INFO = INCLUDE_SOURCE;
				MTL_FAST_MATH = YES;
				ONLY_ACTIVE_ARCH = YES;
				SDKROOT = iphoneos;
				SWIFT_ACTIVE_COMPILATION_CONDITIONS = DEBUG;
				SWIFT_OPTIMIZATION_LEVEL = "-Onone";
			};
			name = Debug;
		};
		4C58B3A826050CDE003A0E6D /* Release */ = {
			isa = XCBuildConfiguration;
			buildSettings = {
				ALWAYS_SEARCH_USER_PATHS = NO;
				CLANG_ANALYZER_NONNULL = YES;
				CLANG_ANALYZER_NUMBER_OBJECT_CONVERSION = YES_AGGRESSIVE;
				CLANG_CXX_LANGUAGE_STANDARD = "gnu++14";
				CLANG_CXX_LIBRARY = "libc++";
				CLANG_ENABLE_MODULES = YES;
				CLANG_ENABLE_OBJC_ARC = YES;
				CLANG_ENABLE_OBJC_WEAK = YES;
				CLANG_WARN_BLOCK_CAPTURE_AUTORELEASING = YES;
				CLANG_WARN_BOOL_CONVERSION = YES;
				CLANG_WARN_COMMA = YES;
				CLANG_WARN_CONSTANT_CONVERSION = YES;
				CLANG_WARN_DEPRECATED_OBJC_IMPLEMENTATIONS = YES;
				CLANG_WARN_DIRECT_OBJC_ISA_USAGE = YES_ERROR;
				CLANG_WARN_DOCUMENTATION_COMMENTS = YES;
				CLANG_WARN_EMPTY_BODY = YES;
				CLANG_WARN_ENUM_CONVERSION = YES;
				CLANG_WARN_INFINITE_RECURSION = YES;
				CLANG_WARN_INT_CONVERSION = YES;
				CLANG_WARN_NON_LITERAL_NULL_CONVERSION = YES;
				CLANG_WARN_OBJC_IMPLICIT_RETAIN_SELF = YES;
				CLANG_WARN_OBJC_LITERAL_CONVERSION = YES;
				CLANG_WARN_OBJC_ROOT_CLASS = YES_ERROR;
				CLANG_WARN_QUOTED_INCLUDE_IN_FRAMEWORK_HEADER = YES;
				CLANG_WARN_RANGE_LOOP_ANALYSIS = YES;
				CLANG_WARN_STRICT_PROTOTYPES = YES;
				CLANG_WARN_SUSPICIOUS_MOVE = YES;
				CLANG_WARN_UNGUARDED_AVAILABILITY = YES_AGGRESSIVE;
				CLANG_WARN_UNREACHABLE_CODE = YES;
				CLANG_WARN__DUPLICATE_METHOD_MATCH = YES;
				COPY_PHASE_STRIP = NO;
				DEBUG_INFORMATION_FORMAT = "dwarf-with-dsym";
				ENABLE_NS_ASSERTIONS = NO;
				ENABLE_STRICT_OBJC_MSGSEND = YES;
				GCC_C_LANGUAGE_STANDARD = gnu11;
				GCC_NO_COMMON_BLOCKS = YES;
				GCC_WARN_64_TO_32_BIT_CONVERSION = YES;
				GCC_WARN_ABOUT_RETURN_TYPE = YES_ERROR;
				GCC_WARN_UNDECLARED_SELECTOR = YES;
				GCC_WARN_UNINITIALIZED_AUTOS = YES_AGGRESSIVE;
				GCC_WARN_UNUSED_FUNCTION = YES;
				GCC_WARN_UNUSED_VARIABLE = YES;
				IPHONEOS_DEPLOYMENT_TARGET = 14.4;
				MTL_ENABLE_DEBUG_INFO = NO;
				MTL_FAST_MATH = YES;
				SDKROOT = iphoneos;
				SWIFT_COMPILATION_MODE = wholemodule;
				SWIFT_OPTIMIZATION_LEVEL = "-O";
				VALIDATE_PRODUCT = YES;
			};
			name = Release;
		};
		4C58B3AA26050CDE003A0E6D /* Debug */ = {
			isa = XCBuildConfiguration;
			buildSettings = {
				ASSETCATALOG_COMPILER_APPICON_NAME = AppIcon;
				ASSETCATALOG_COMPILER_GLOBAL_ACCENT_COLOR_NAME = AccentColor;
				CODE_SIGN_STYLE = Automatic;
				DEVELOPMENT_TEAM = YNSMJAS38V;
				INFOPLIST_FILE = GitHubFollowers/Info.plist;
				LD_RUNPATH_SEARCH_PATHS = (
					"$(inherited)",
					"@executable_path/Frameworks",
				);
				PRODUCT_BUNDLE_IDENTIFIER = com.williamyeung.GitHubFollowers;
				PRODUCT_NAME = "$(TARGET_NAME)";
				SWIFT_VERSION = 5.0;
				TARGETED_DEVICE_FAMILY = 1;
			};
			name = Debug;
		};
		4C58B3AB26050CDE003A0E6D /* Release */ = {
			isa = XCBuildConfiguration;
			buildSettings = {
				ASSETCATALOG_COMPILER_APPICON_NAME = AppIcon;
				ASSETCATALOG_COMPILER_GLOBAL_ACCENT_COLOR_NAME = AccentColor;
				CODE_SIGN_STYLE = Automatic;
				DEVELOPMENT_TEAM = YNSMJAS38V;
				INFOPLIST_FILE = GitHubFollowers/Info.plist;
				LD_RUNPATH_SEARCH_PATHS = (
					"$(inherited)",
					"@executable_path/Frameworks",
				);
				PRODUCT_BUNDLE_IDENTIFIER = com.williamyeung.GitHubFollowers;
				PRODUCT_NAME = "$(TARGET_NAME)";
				SWIFT_VERSION = 5.0;
				TARGETED_DEVICE_FAMILY = 1;
			};
			name = Release;
		};
/* End XCBuildConfiguration section */

/* Begin XCConfigurationList section */
		4C58B39026050CDD003A0E6D /* Build configuration list for PBXProject "GitHubFollowers" */ = {
			isa = XCConfigurationList;
			buildConfigurations = (
				4C58B3A726050CDE003A0E6D /* Debug */,
				4C58B3A826050CDE003A0E6D /* Release */,
			);
			defaultConfigurationIsVisible = 0;
			defaultConfigurationName = Release;
		};
		4C58B3A926050CDE003A0E6D /* Build configuration list for PBXNativeTarget "GitHubFollowers" */ = {
			isa = XCConfigurationList;
			buildConfigurations = (
				4C58B3AA26050CDE003A0E6D /* Debug */,
				4C58B3AB26050CDE003A0E6D /* Release */,
			);
			defaultConfigurationIsVisible = 0;
			defaultConfigurationName = Release;
		};
/* End XCConfigurationList section */
	};
	rootObject = 4C58B38D26050CDD003A0E6D /* Project object */;
}
